// !$*UTF8*$!
{
	archiveVersion = 1;
	classes = {
	};
	objectVersion = 77;
	objects = {

/* Begin PBXBuildFile section */
		000FB34D266E37DF0DD736EA /* ShipBarShareViewController.swift in Sources */ = {isa = PBXBuildFile; fileRef = 4A45906A4BF8F59C103EAD9C /* ShipBarShareViewController.swift */; };
		005391D2A06A03A4270A7539 /* AudioPipeline.swift in Sources */ = {isa = PBXBuildFile; fileRef = 9863B8F255FACB484A4A408E /* AudioPipeline.swift */; };
		06DC2F634F601984A0779583 /* Project.swift in Sources */ = {isa = PBXBuildFile; fileRef = 1D8120CD62FB4DD6CAE6EA47 /* Project.swift */; };
		07696AB500CF1B1AD0923EBB /* ShipTask.swift in Sources */ = {isa = PBXBuildFile; fileRef = 4E0E65EDAF8B7E27CE53C8D7 /* ShipTask.swift */; };
		0CE76E24BF242D46182627AC /* IOSVoiceCaptureView.swift in Sources */ = {isa = PBXBuildFile; fileRef = CFF8DC0B91FC971D3F23A42B /* IOSVoiceCaptureView.swift */; };
		0CF75CD97E10DB43E89C018D /* ProjectToken.swift in Sources */ = {isa = PBXBuildFile; fileRef = 841ECFCADDDA3F6F4ACA3AF9 /* ProjectToken.swift */; };
		0E7B229751828CF08EF20E24 /* ShipTask.swift in Sources */ = {isa = PBXBuildFile; fileRef = 4E0E65EDAF8B7E27CE53C8D7 /* ShipTask.swift */; };
		105F96B00BAEB07FB3329C09 /* ShipBarNotifications.swift in Sources */ = {isa = PBXBuildFile; fileRef = F036D88F16AC5E6A149A6160 /* ShipBarNotifications.swift */; };
		110F46EB9B056A94E2A1A113 /* TaskListView.swift in Sources */ = {isa = PBXBuildFile; fileRef = 8EA390CD765D417B8B274916 /* TaskListView.swift */; };
		14F7C9303A0F32ABFF6A45D0 /* QuickCaptureView.swift in Sources */ = {isa = PBXBuildFile; fileRef = 647E5B9A9774B4F90746E295 /* QuickCaptureView.swift */; };
		1593F9177CEA54E446FAF67E /* RealtimeClient.swift in Sources */ = {isa = PBXBuildFile; fileRef = DD744E18FF0D7401BB4DB090 /* RealtimeClient.swift */; };
		17C6D5C7AFB3A88F5A69C6B3 /* TaskRowView.swift in Sources */ = {isa = PBXBuildFile; fileRef = A942D94F3E48D4F2EB64ED51 /* TaskRowView.swift */; };
		1839C6D930622D6BFB8B47B9 /* AgentLauncher.swift in Sources */ = {isa = PBXBuildFile; fileRef = 2130C24A99779C1CBC9AA6BA /* AgentLauncher.swift */; };
		19A2B7FCCFB87C1665D41059 /* ShipBarModelContainer.swift in Sources */ = {isa = PBXBuildFile; fileRef = 1EBAA45C2219DED863CC9A6D /* ShipBarModelContainer.swift */; };
		203FB003DB4B5C72CEF0B691 /* ProjectToken.swift in Sources */ = {isa = PBXBuildFile; fileRef = 841ECFCADDDA3F6F4ACA3AF9 /* ProjectToken.swift */; };
		222F5161FDAE0D4DDC25A6B9 /* Project.swift in Sources */ = {isa = PBXBuildFile; fileRef = 1D8120CD62FB4DD6CAE6EA47 /* Project.swift */; };
		2619A2C5FFBCDDA9B3D72533 /* VoiceSession.swift in Sources */ = {isa = PBXBuildFile; fileRef = 1BDDAD74FA646A676665F040 /* VoiceSession.swift */; };
		2886D409CDF63EFE3AC9663C /* CaptureBatchParser.swift in Sources */ = {isa = PBXBuildFile; fileRef = 3A901ECABCA63AFC25A9F819 /* CaptureBatchParser.swift */; };
		29389458384C20E65319B827 /* KeychainStore.swift in Sources */ = {isa = PBXBuildFile; fileRef = 716A1445CEFFE89A1B23B16E /* KeychainStore.swift */; };
		29E31DE6B3392B75F3D11512 /* TaskFilter.swift in Sources */ = {isa = PBXBuildFile; fileRef = 36A5884B513388E59532E581 /* TaskFilter.swift */; };
		2A9CA30E21343D41A6847747 /* VoiceTools.swift in Sources */ = {isa = PBXBuildFile; fileRef = 350FE2700823FECE0504CD67 /* VoiceTools.swift */; };
		2BB94026290AFACC5B37A22E /* ShipTask.swift in Sources */ = {isa = PBXBuildFile; fileRef = 4E0E65EDAF8B7E27CE53C8D7 /* ShipTask.swift */; };
		2D82B4414E72322719F50AEA /* ProjectToken.swift in Sources */ = {isa = PBXBuildFile; fileRef = 841ECFCADDDA3F6F4ACA3AF9 /* ProjectToken.swift */; };
		2E8EEFA7777B31A47E8ED848 /* KeychainStore.swift in Sources */ = {isa = PBXBuildFile; fileRef = 716A1445CEFFE89A1B23B16E /* KeychainStore.swift */; };
		2F8865263813861BFC198AB8 /* CaptureBatchParser.swift in Sources */ = {isa = PBXBuildFile; fileRef = 3A901ECABCA63AFC25A9F819 /* CaptureBatchParser.swift */; };
		303B997E3F529148ADE56B79 /* WindowPresenter.swift in Sources */ = {isa = PBXBuildFile; fileRef = C23D47D90EC8DF90CF0C4C52 /* WindowPresenter.swift */; };
		32BB802108787CD18D0E03B2 /* TaskPriority.swift in Sources */ = {isa = PBXBuildFile; fileRef = B2DC6B6180C051D720A2B8F4 /* TaskPriority.swift */; };
		33663ACF9BE2729B79A96BD0 /* PromptComposer.swift in Sources */ = {isa = PBXBuildFile; fileRef = F5D78F3612D7C6E66F6E45C0 /* PromptComposer.swift */; };
		3572EFA214FC0CA20FC6C0BF /* ShipBarRootView.swift in Sources */ = {isa = PBXBuildFile; fileRef = CBB40CC9D16CE7338D7B8A5A /* ShipBarRootView.swift */; };
		3696FF93C44A546512D058E8 /* ShipBarDirectCloudSync.swift in Sources */ = {isa = PBXBuildFile; fileRef = E2B78C4261E2D29467D3AF5C /* ShipBarDirectCloudSync.swift */; };
		38FF8BCFEEE8BDFF564BF650 /* ShipBarSectionSwitcherView.swift in Sources */ = {isa = PBXBuildFile; fileRef = 0459E4D834E2A2B41B283729 /* ShipBarSectionSwitcherView.swift */; };
		39712F2D2A9E8AC2B12387B1 /* CaptureBatchParser.swift in Sources */ = {isa = PBXBuildFile; fileRef = 3A901ECABCA63AFC25A9F819 /* CaptureBatchParser.swift */; };
		3B04007A84708E705F2E2ED1 /* SharedCaptureStoreTests.swift in Sources */ = {isa = PBXBuildFile; fileRef = 5884D17826FB68B6798556DA /* SharedCaptureStoreTests.swift */; };
		3B05E4CE7EDC6C73D3F541D6 /* TaskType.swift in Sources */ = {isa = PBXBuildFile; fileRef = EF614E780A3DCD3733DC00EB /* TaskType.swift */; };
		3CB7373DE761BF3A146645CE /* GlobalHotKeyController.swift in Sources */ = {isa = PBXBuildFile; fileRef = 95E1ED95ACC9E9DC4A7E6A4F /* GlobalHotKeyController.swift */; };
		3D0C7BFCD943A84D32D850C7 /* TaskLogicTests.swift in Sources */ = {isa = PBXBuildFile; fileRef = 5B16CE2B8E033C7E0DF73BC9 /* TaskLogicTests.swift */; };
		3D56594F1D0F12D15A5CA32A /* ShipBarSectionSwitcherView.swift in Sources */ = {isa = PBXBuildFile; fileRef = 0459E4D834E2A2B41B283729 /* ShipBarSectionSwitcherView.swift */; };
		40689CA61DFF7D9AB0E2E069 /* TaskStatus.swift in Sources */ = {isa = PBXBuildFile; fileRef = 819AEA7AF38D68F094B0C36F /* TaskStatus.swift */; };
		4113D55EC955F2C8052C2D6C /* StatusItemMenuController.swift in Sources */ = {isa = PBXBuildFile; fileRef = 9E3C361882B7F8152F0CE4DF /* StatusItemMenuController.swift */; };
		44C97AC52307E9B36F7C003E /* TaskStatus.swift in Sources */ = {isa = PBXBuildFile; fileRef = 819AEA7AF38D68F094B0C36F /* TaskStatus.swift */; };
		469A1CC03403DB2C7F621DAC /* TaskListView.swift in Sources */ = {isa = PBXBuildFile; fileRef = 8EA390CD765D417B8B274916 /* TaskListView.swift */; };
		49323CD4D03DFB566F04830F /* PromptComposer.swift in Sources */ = {isa = PBXBuildFile; fileRef = F5D78F3612D7C6E66F6E45C0 /* PromptComposer.swift */; };
		4E46171F9EAFB60EAF652614 /* StatusItemBadge.swift in Sources */ = {isa = PBXBuildFile; fileRef = 7DB1C571676FF7C8276712B4 /* StatusItemBadge.swift */; };
		4E532E2FAB1B4C3F1C29A4A3 /* TaskType.swift in Sources */ = {isa = PBXBuildFile; fileRef = EF614E780A3DCD3733DC00EB /* TaskType.swift */; };
		5878944CC4F62919F8C7751D /* CaptureParser.swift in Sources */ = {isa = PBXBuildFile; fileRef = 657F3B9F876661EA95C9C9D8 /* CaptureParser.swift */; };
		5A1035FE46668C8E6A297C19 /* TaskQueries.swift in Sources */ = {isa = PBXBuildFile; fileRef = 4639B14F8C7540C8AE2BB116 /* TaskQueries.swift */; };
		5B32AE1319BD3A286F80B229 /* TaskPriority.swift in Sources */ = {isa = PBXBuildFile; fileRef = B2DC6B6180C051D720A2B8F4 /* TaskPriority.swift */; };
		5D05BF02F5CDE020D48482C6 /* ShipBarModelContainer.swift in Sources */ = {isa = PBXBuildFile; fileRef = 1EBAA45C2219DED863CC9A6D /* ShipBarModelContainer.swift */; };
		5DE700D42CF44CBA6ECD42F4 /* AgentWorkflowAction.swift in Sources */ = {isa = PBXBuildFile; fileRef = F5E7793ABEBB403258C0882D /* AgentWorkflowAction.swift */; };
		60B1C61546F659C720FC3092 /* IOSTaskListPane.swift in Sources */ = {isa = PBXBuildFile; fileRef = 427D88720FD08BD84ED0A193 /* IOSTaskListPane.swift */; };
		65CE2FC2619C0B7B3931F4F1 /* SharedCaptureStore.swift in Sources */ = {isa = PBXBuildFile; fileRef = A7DD6174CBBE6888D0E641E0 /* SharedCaptureStore.swift */; };
		664015972EB263DD25E87141 /* TaskDetailView.swift in Sources */ = {isa = PBXBuildFile; fileRef = 74265161DCEBC914BA373FDE /* TaskDetailView.swift */; };
		67592199E50F29D799551509 /* ShipBarStyle.swift in Sources */ = {isa = PBXBuildFile; fileRef = D8FF589B0587EFB4B61E6603 /* ShipBarStyle.swift */; };
		68AB1855727B06A614B0C8B7 /* TaskType.swift in Sources */ = {isa = PBXBuildFile; fileRef = EF614E780A3DCD3733DC00EB /* TaskType.swift */; };
		6A236961C797BBB0E41FE64B /* ShipBarSection.swift in Sources */ = {isa = PBXBuildFile; fileRef = 4C31CCC4741EB1255DEF4C35 /* ShipBarSection.swift */; };
		6C8B3DA7A55C5D87DFD4000C /* ShipBariOSApp.swift in Sources */ = {isa = PBXBuildFile; fileRef = 45B58A6A6061BB8E73779757 /* ShipBariOSApp.swift */; };
		6E4B1F8676D6027FB8E6328B /* AgentLauncher.swift in Sources */ = {isa = PBXBuildFile; fileRef = 2130C24A99779C1CBC9AA6BA /* AgentLauncher.swift */; };
		716BDB944F1361D2EC91D4BE /* VoiceSession.swift in Sources */ = {isa = PBXBuildFile; fileRef = 1BDDAD74FA646A676665F040 /* VoiceSession.swift */; };
		71E3376E74DA94795DA432AF /* TaskQueries.swift in Sources */ = {isa = PBXBuildFile; fileRef = 4639B14F8C7540C8AE2BB116 /* TaskQueries.swift */; };
		7335471FE6635324C8630D8A /* VoiceTools.swift in Sources */ = {isa = PBXBuildFile; fileRef = 350FE2700823FECE0504CD67 /* VoiceTools.swift */; };
		7D6745B48490387E81E7967D /* Clipboard.swift in Sources */ = {isa = PBXBuildFile; fileRef = E684C9610478B786AA505251 /* Clipboard.swift */; };
		7E840AB31FBDF3EFFC6B59C2 /* TaskFilter.swift in Sources */ = {isa = PBXBuildFile; fileRef = 36A5884B513388E59532E581 /* TaskFilter.swift */; };
		8072453D4B7A72F6206F4602 /* CaptureParserTests.swift in Sources */ = {isa = PBXBuildFile; fileRef = 885CAC80CFFA20B06837871A /* CaptureParserTests.swift */; };
		81B83F8EB4C54E38F49CBC69 /* IOSCard.swift in Sources */ = {isa = PBXBuildFile; fileRef = A71837085F0F146F5DB06613 /* IOSCard.swift */; };
		81C44C1FDDEED86F491A9058 /* SharedCaptureStore.swift in Sources */ = {isa = PBXBuildFile; fileRef = A7DD6174CBBE6888D0E641E0 /* SharedCaptureStore.swift */; };
		833A383E422C644FC1D04530 /* Project.swift in Sources */ = {isa = PBXBuildFile; fileRef = 1D8120CD62FB4DD6CAE6EA47 /* Project.swift */; };
		87B2BF055EF9C4792789EFAD /* ShipBarShareExtension.appex in Embed Foundation Extensions */ = {isa = PBXBuildFile; fileRef = 3244CE54A5D3871ABF190831 /* ShipBarShareExtension.appex */; settings = {ATTRIBUTES = (RemoveHeadersOnCopy, ); }; };
		8AFF8BEE69F4A392DCC114E1 /* AgentWorkflowAction.swift in Sources */ = {isa = PBXBuildFile; fileRef = F5E7793ABEBB403258C0882D /* AgentWorkflowAction.swift */; };
		8C7E721C0F8A4E543F064E63 /* AgentLauncher.swift in Sources */ = {isa = PBXBuildFile; fileRef = 2130C24A99779C1CBC9AA6BA /* AgentLauncher.swift */; };
		8CE7F39BD1B972DCA6BDDDEC /* AudioPipeline.swift in Sources */ = {isa = PBXBuildFile; fileRef = 9863B8F255FACB484A4A408E /* AudioPipeline.swift */; };
		911AF3D703CD0B56019785AE /* RealtimeClientTests.swift in Sources */ = {isa = PBXBuildFile; fileRef = 2E64AF8CC45C766F06EEAAC9 /* RealtimeClientTests.swift */; };
		921962688E8FD95A72A9F8AB /* RealtimeClient.swift in Sources */ = {isa = PBXBuildFile; fileRef = DD744E18FF0D7401BB4DB090 /* RealtimeClient.swift */; };
		92B064309BE1C91BA5AD87F2 /* TaskPriority.swift in Sources */ = {isa = PBXBuildFile; fileRef = B2DC6B6180C051D720A2B8F4 /* TaskPriority.swift */; };
		93AE3E64839117E5505FA315 /* TaskPriority.swift in Sources */ = {isa = PBXBuildFile; fileRef = B2DC6B6180C051D720A2B8F4 /* TaskPriority.swift */; };
		97CE7944BA4D8B5128864D56 /* CaptureParser.swift in Sources */ = {isa = PBXBuildFile; fileRef = 657F3B9F876661EA95C9C9D8 /* CaptureParser.swift */; };
		9B602481F3F61836F59EF122 /* TaskType.swift in Sources */ = {isa = PBXBuildFile; fileRef = EF614E780A3DCD3733DC00EB /* TaskType.swift */; };
		9ECDB6015DE585CA73E5976F /* TaskStatus.swift in Sources */ = {isa = PBXBuildFile; fileRef = 819AEA7AF38D68F094B0C36F /* TaskStatus.swift */; };
		9F3826B81215F0D2931EF714 /* SharedCaptureStore.swift in Sources */ = {isa = PBXBuildFile; fileRef = A7DD6174CBBE6888D0E641E0 /* SharedCaptureStore.swift */; };
		A428B754A075CCE3D60C33A6 /* Clipboard.swift in Sources */ = {isa = PBXBuildFile; fileRef = E684C9610478B786AA505251 /* Clipboard.swift */; };
		A7DDB896AB70F174618F2940 /* ShipBarDirectCloudSync.swift in Sources */ = {isa = PBXBuildFile; fileRef = E2B78C4261E2D29467D3AF5C /* ShipBarDirectCloudSync.swift */; };
		AA6FF2DF6C3A86D60D87658C /* ShipBarStyle.swift in Sources */ = {isa = PBXBuildFile; fileRef = D8FF589B0587EFB4B61E6603 /* ShipBarStyle.swift */; };
		AB5FE716861B6068D19B2074 /* ShipBarMacApp.swift in Sources */ = {isa = PBXBuildFile; fileRef = 702E2C9F5BCA590B1FD57082 /* ShipBarMacApp.swift */; };
		ADA9E96BBFF038A922FAC862 /* AudioPipelineTests.swift in Sources */ = {isa = PBXBuildFile; fileRef = 830C9B53D6A1D47B092876D9 /* AudioPipelineTests.swift */; };
		B03911A50E0781575C379C4D /* CaptureParser.swift in Sources */ = {isa = PBXBuildFile; fileRef = 657F3B9F876661EA95C9C9D8 /* CaptureParser.swift */; };
		B0F8B609D4E1B77193DC7D3C /* TaskStatus.swift in Sources */ = {isa = PBXBuildFile; fileRef = 819AEA7AF38D68F094B0C36F /* TaskStatus.swift */; };
		B4AFE61132CFA1F4481DBC92 /* RealtimeClient.swift in Sources */ = {isa = PBXBuildFile; fileRef = DD744E18FF0D7401BB4DB090 /* RealtimeClient.swift */; };
		B649D357A6685B45A491D134 /* ShipBarModelContainer.swift in Sources */ = {isa = PBXBuildFile; fileRef = 1EBAA45C2219DED863CC9A6D /* ShipBarModelContainer.swift */; };
		B813813D70908875BC79D0D3 /* TaskDetailView.swift in Sources */ = {isa = PBXBuildFile; fileRef = 74265161DCEBC914BA373FDE /* TaskDetailView.swift */; };
		BA172BA0CC447520A576560B /* ShipBarRootView.swift in Sources */ = {isa = PBXBuildFile; fileRef = CBB40CC9D16CE7338D7B8A5A /* ShipBarRootView.swift */; };
		BAC33EDFD612FE7F0DF6BE38 /* QuickCapturePanelController.swift in Sources */ = {isa = PBXBuildFile; fileRef = 779FB12B7C3D8DA64697B12F /* QuickCapturePanelController.swift */; };
		C4C8B396833111FCB4B48FA8 /* TaskQueries.swift in Sources */ = {isa = PBXBuildFile; fileRef = 4639B14F8C7540C8AE2BB116 /* TaskQueries.swift */; };
		C508011545793857666917BD /* ShipBarDirectCloudSync.swift in Sources */ = {isa = PBXBuildFile; fileRef = E2B78C4261E2D29467D3AF5C /* ShipBarDirectCloudSync.swift */; };
		CAFB40C98FE860778AE0AC54 /* PromptComposer.swift in Sources */ = {isa = PBXBuildFile; fileRef = F5D78F3612D7C6E66F6E45C0 /* PromptComposer.swift */; };
		CB7E3D1906C88199931588D0 /* ShipBarSection.swift in Sources */ = {isa = PBXBuildFile; fileRef = 4C31CCC4741EB1255DEF4C35 /* ShipBarSection.swift */; };
		CBE6FB9C571FAD6B2ABFC2E7 /* AgentWorkflowAction.swift in Sources */ = {isa = PBXBuildFile; fileRef = F5E7793ABEBB403258C0882D /* AgentWorkflowAction.swift */; };
		CC1B55EFB6461FBA7F0D81CD /* IOSTodayPane.swift in Sources */ = {isa = PBXBuildFile; fileRef = 645A2A0E8071F0FA3CA1B019 /* IOSTodayPane.swift */; };
		CD8397F31C8BAB50C3E13560 /* IOSProjectsPane.swift in Sources */ = {isa = PBXBuildFile; fileRef = 5B2CB4345E5971E3CA18E2C0 /* IOSProjectsPane.swift */; };
		CDA33F98F04B6F0802BA96F7 /* ShipBarDashboardView.swift in Sources */ = {isa = PBXBuildFile; fileRef = CDA608B07E95690D7EEC896F /* ShipBarDashboardView.swift */; };
		CDE12A70F8F24D65A94B086D /* ProjectWorkspaceView.swift in Sources */ = {isa = PBXBuildFile; fileRef = 6154B048C4DCC2ECB3905F99 /* ProjectWorkspaceView.swift */; };
		CF9375C42A780631D52D8FA5 /* ShipBarDashboardView.swift in Sources */ = {isa = PBXBuildFile; fileRef = CDA608B07E95690D7EEC896F /* ShipBarDashboardView.swift */; };
		D0A5924B5A9F946AF317848D /* TaskRowView.swift in Sources */ = {isa = PBXBuildFile; fileRef = A942D94F3E48D4F2EB64ED51 /* TaskRowView.swift */; };
		D0FE15A3A5714A030CAF4CEB /* AudioPipeline.swift in Sources */ = {isa = PBXBuildFile; fileRef = 9863B8F255FACB484A4A408E /* AudioPipeline.swift */; };
		D7888E331098A6567CEE8278 /* CaptureParser.swift in Sources */ = {isa = PBXBuildFile; fileRef = 657F3B9F876661EA95C9C9D8 /* CaptureParser.swift */; };
		D82EB8034688EA8D3D63D0AA /* QuickCaptureView.swift in Sources */ = {isa = PBXBuildFile; fileRef = 647E5B9A9774B4F90746E295 /* QuickCaptureView.swift */; };
		DAD9B5583E94FEC1FBA141BC /* ProjectWorkspaceView.swift in Sources */ = {isa = PBXBuildFile; fileRef = 6154B048C4DCC2ECB3905F99 /* ProjectWorkspaceView.swift */; };
		E62DD6F24E12C507B3FF494C /* ShipBarNotifications.swift in Sources */ = {isa = PBXBuildFile; fileRef = F036D88F16AC5E6A149A6160 /* ShipBarNotifications.swift */; };
		ED7CEB09D0E33E58EFDB801F /* CaptureBatchParser.swift in Sources */ = {isa = PBXBuildFile; fileRef = 3A901ECABCA63AFC25A9F819 /* CaptureBatchParser.swift */; };
		F164BCEA697958CB7ACAC344 /* VoicePanelController.swift in Sources */ = {isa = PBXBuildFile; fileRef = 1ACE2DC63A854D42E6F8B903 /* VoicePanelController.swift */; };
		F483241C77584A7AA60A8FDE /* ProjectToken.swift in Sources */ = {isa = PBXBuildFile; fileRef = 841ECFCADDDA3F6F4ACA3AF9 /* ProjectToken.swift */; };
		FB9F556BB265DD3D7B98A3E7 /* InboxCountObserver.swift in Sources */ = {isa = PBXBuildFile; fileRef = 635774126D72D5E9734321A4 /* InboxCountObserver.swift */; };
		FDCDBE109370A47196E4AF1A /* SharedCaptureStore.swift in Sources */ = {isa = PBXBuildFile; fileRef = A7DD6174CBBE6888D0E641E0 /* SharedCaptureStore.swift */; };
		FDE76B25E06655D707BE88C8 /* TaskFilter.swift in Sources */ = {isa = PBXBuildFile; fileRef = 36A5884B513388E59532E581 /* TaskFilter.swift */; };
/* End PBXBuildFile section */

/* Begin PBXContainerItemProxy section */
		47A5A7B6594B582573BA9D56 /* PBXContainerItemProxy */ = {
			isa = PBXContainerItemProxy;
			containerPortal = 309E5BEB586C0DB1B7C6CDBF /* Project object */;
			proxyType = 1;
			remoteGlobalIDString = A899F6BC3E2AA7AE2078E611;
			remoteInfo = ShipBarShareExtension;
		};
/* End PBXContainerItemProxy section */

/* Begin PBXCopyFilesBuildPhase section */
		C2BA65C71673A62B112A3DE0 /* Embed Foundation Extensions */ = {
			isa = PBXCopyFilesBuildPhase;
			buildActionMask = 2147483647;
			dstPath = "";
			dstSubfolderSpec = 13;
			files = (
				87B2BF055EF9C4792789EFAD /* ShipBarShareExtension.appex in Embed Foundation Extensions */,
			);
			name = "Embed Foundation Extensions";
			runOnlyForDeploymentPostprocessing = 0;
		};
/* End PBXCopyFilesBuildPhase section */

/* Begin PBXFileReference section */
		0459E4D834E2A2B41B283729 /* ShipBarSectionSwitcherView.swift */ = {isa = PBXFileReference; lastKnownFileType = sourcecode.swift; path = ShipBarSectionSwitcherView.swift; sourceTree = "<group>"; };
		1ACE2DC63A854D42E6F8B903 /* VoicePanelController.swift */ = {isa = PBXFileReference; lastKnownFileType = sourcecode.swift; path = VoicePanelController.swift; sourceTree = "<group>"; };
		1BDDAD74FA646A676665F040 /* VoiceSession.swift */ = {isa = PBXFileReference; lastKnownFileType = sourcecode.swift; path = VoiceSession.swift; sourceTree = "<group>"; };
		1D8120CD62FB4DD6CAE6EA47 /* Project.swift */ = {isa = PBXFileReference; lastKnownFileType = sourcecode.swift; path = Project.swift; sourceTree = "<group>"; };
		1EBAA45C2219DED863CC9A6D /* ShipBarModelContainer.swift */ = {isa = PBXFileReference; lastKnownFileType = sourcecode.swift; path = ShipBarModelContainer.swift; sourceTree = "<group>"; };
		2130C24A99779C1CBC9AA6BA /* AgentLauncher.swift */ = {isa = PBXFileReference; lastKnownFileType = sourcecode.swift; path = AgentLauncher.swift; sourceTree = "<group>"; };
		2E64AF8CC45C766F06EEAAC9 /* RealtimeClientTests.swift */ = {isa = PBXFileReference; lastKnownFileType = sourcecode.swift; path = RealtimeClientTests.swift; sourceTree = "<group>"; };
		3244CE54A5D3871ABF190831 /* ShipBarShareExtension.appex */ = {isa = PBXFileReference; includeInIndex = 0; lastKnownFileType = "wrapper.app-extension"; path = ShipBarShareExtension.appex; sourceTree = BUILT_PRODUCTS_DIR; };
		350FE2700823FECE0504CD67 /* VoiceTools.swift */ = {isa = PBXFileReference; lastKnownFileType = sourcecode.swift; path = VoiceTools.swift; sourceTree = "<group>"; };
		36A5884B513388E59532E581 /* TaskFilter.swift */ = {isa = PBXFileReference; lastKnownFileType = sourcecode.swift; path = TaskFilter.swift; sourceTree = "<group>"; };
		3A901ECABCA63AFC25A9F819 /* CaptureBatchParser.swift */ = {isa = PBXFileReference; lastKnownFileType = sourcecode.swift; path = CaptureBatchParser.swift; sourceTree = "<group>"; };
		427D88720FD08BD84ED0A193 /* IOSTaskListPane.swift */ = {isa = PBXFileReference; lastKnownFileType = sourcecode.swift; path = IOSTaskListPane.swift; sourceTree = "<group>"; };
		45B58A6A6061BB8E73779757 /* ShipBariOSApp.swift */ = {isa = PBXFileReference; lastKnownFileType = sourcecode.swift; path = ShipBariOSApp.swift; sourceTree = "<group>"; };
		4639B14F8C7540C8AE2BB116 /* TaskQueries.swift */ = {isa = PBXFileReference; lastKnownFileType = sourcecode.swift; path = TaskQueries.swift; sourceTree = "<group>"; };
		4A45906A4BF8F59C103EAD9C /* ShipBarShareViewController.swift */ = {isa = PBXFileReference; lastKnownFileType = sourcecode.swift; path = ShipBarShareViewController.swift; sourceTree = "<group>"; };
		4C31CCC4741EB1255DEF4C35 /* ShipBarSection.swift */ = {isa = PBXFileReference; lastKnownFileType = sourcecode.swift; path = ShipBarSection.swift; sourceTree = "<group>"; };
		4E0E65EDAF8B7E27CE53C8D7 /* ShipTask.swift */ = {isa = PBXFileReference; lastKnownFileType = sourcecode.swift; path = ShipTask.swift; sourceTree = "<group>"; };
		5884D17826FB68B6798556DA /* SharedCaptureStoreTests.swift */ = {isa = PBXFileReference; lastKnownFileType = sourcecode.swift; path = SharedCaptureStoreTests.swift; sourceTree = "<group>"; };
		5B16CE2B8E033C7E0DF73BC9 /* TaskLogicTests.swift */ = {isa = PBXFileReference; lastKnownFileType = sourcecode.swift; path = TaskLogicTests.swift; sourceTree = "<group>"; };
		5B2CB4345E5971E3CA18E2C0 /* IOSProjectsPane.swift */ = {isa = PBXFileReference; lastKnownFileType = sourcecode.swift; path = IOSProjectsPane.swift; sourceTree = "<group>"; };
		6154B048C4DCC2ECB3905F99 /* ProjectWorkspaceView.swift */ = {isa = PBXFileReference; lastKnownFileType = sourcecode.swift; path = ProjectWorkspaceView.swift; sourceTree = "<group>"; };
		635774126D72D5E9734321A4 /* InboxCountObserver.swift */ = {isa = PBXFileReference; lastKnownFileType = sourcecode.swift; path = InboxCountObserver.swift; sourceTree = "<group>"; };
		645A2A0E8071F0FA3CA1B019 /* IOSTodayPane.swift */ = {isa = PBXFileReference; lastKnownFileType = sourcecode.swift; path = IOSTodayPane.swift; sourceTree = "<group>"; };
		647E5B9A9774B4F90746E295 /* QuickCaptureView.swift */ = {isa = PBXFileReference; lastKnownFileType = sourcecode.swift; path = QuickCaptureView.swift; sourceTree = "<group>"; };
		657F3B9F876661EA95C9C9D8 /* CaptureParser.swift */ = {isa = PBXFileReference; lastKnownFileType = sourcecode.swift; path = CaptureParser.swift; sourceTree = "<group>"; };
		6CDBD2425861E52F768B7156 /* ShipBariOS.app */ = {isa = PBXFileReference; includeInIndex = 0; lastKnownFileType = wrapper.application; path = ShipBariOS.app; sourceTree = BUILT_PRODUCTS_DIR; };
		702E2C9F5BCA590B1FD57082 /* ShipBarMacApp.swift */ = {isa = PBXFileReference; lastKnownFileType = sourcecode.swift; path = ShipBarMacApp.swift; sourceTree = "<group>"; };
		716A1445CEFFE89A1B23B16E /* KeychainStore.swift */ = {isa = PBXFileReference; lastKnownFileType = sourcecode.swift; path = KeychainStore.swift; sourceTree = "<group>"; };
		74265161DCEBC914BA373FDE /* TaskDetailView.swift */ = {isa = PBXFileReference; lastKnownFileType = sourcecode.swift; path = TaskDetailView.swift; sourceTree = "<group>"; };
		779FB12B7C3D8DA64697B12F /* QuickCapturePanelController.swift */ = {isa = PBXFileReference; lastKnownFileType = sourcecode.swift; path = QuickCapturePanelController.swift; sourceTree = "<group>"; };
		7DB1C571676FF7C8276712B4 /* StatusItemBadge.swift */ = {isa = PBXFileReference; lastKnownFileType = sourcecode.swift; path = StatusItemBadge.swift; sourceTree = "<group>"; };
		7E818B5DBBCA8E1E8EB3EBED /* ShipBarMac.app */ = {isa = PBXFileReference; explicitFileType = wrapper.application; includeInIndex = 0; path = ShipBarMac.app; sourceTree = BUILT_PRODUCTS_DIR; };
		819AEA7AF38D68F094B0C36F /* TaskStatus.swift */ = {isa = PBXFileReference; lastKnownFileType = sourcecode.swift; path = TaskStatus.swift; sourceTree = "<group>"; };
		830C9B53D6A1D47B092876D9 /* AudioPipelineTests.swift */ = {isa = PBXFileReference; lastKnownFileType = sourcecode.swift; path = AudioPipelineTests.swift; sourceTree = "<group>"; };
		841ECFCADDDA3F6F4ACA3AF9 /* ProjectToken.swift */ = {isa = PBXFileReference; lastKnownFileType = sourcecode.swift; path = ProjectToken.swift; sourceTree = "<group>"; };
		885CAC80CFFA20B06837871A /* CaptureParserTests.swift */ = {isa = PBXFileReference; lastKnownFileType = sourcecode.swift; path = CaptureParserTests.swift; sourceTree = "<group>"; };
		8EA390CD765D417B8B274916 /* TaskListView.swift */ = {isa = PBXFileReference; lastKnownFileType = sourcecode.swift; path = TaskListView.swift; sourceTree = "<group>"; };
		95E1ED95ACC9E9DC4A7E6A4F /* GlobalHotKeyController.swift */ = {isa = PBXFileReference; lastKnownFileType = sourcecode.swift; path = GlobalHotKeyController.swift; sourceTree = "<group>"; };
		9863B8F255FACB484A4A408E /* AudioPipeline.swift */ = {isa = PBXFileReference; lastKnownFileType = sourcecode.swift; path = AudioPipeline.swift; sourceTree = "<group>"; };
		9E3C361882B7F8152F0CE4DF /* StatusItemMenuController.swift */ = {isa = PBXFileReference; lastKnownFileType = sourcecode.swift; path = StatusItemMenuController.swift; sourceTree = "<group>"; };
		A71837085F0F146F5DB06613 /* IOSCard.swift */ = {isa = PBXFileReference; lastKnownFileType = sourcecode.swift; path = IOSCard.swift; sourceTree = "<group>"; };
		A7DD6174CBBE6888D0E641E0 /* SharedCaptureStore.swift */ = {isa = PBXFileReference; lastKnownFileType = sourcecode.swift; path = SharedCaptureStore.swift; sourceTree = "<group>"; };
		A942D94F3E48D4F2EB64ED51 /* TaskRowView.swift */ = {isa = PBXFileReference; lastKnownFileType = sourcecode.swift; path = TaskRowView.swift; sourceTree = "<group>"; };
		B2DC6B6180C051D720A2B8F4 /* TaskPriority.swift */ = {isa = PBXFileReference; lastKnownFileType = sourcecode.swift; path = TaskPriority.swift; sourceTree = "<group>"; };
		C23D47D90EC8DF90CF0C4C52 /* WindowPresenter.swift */ = {isa = PBXFileReference; lastKnownFileType = sourcecode.swift; path = WindowPresenter.swift; sourceTree = "<group>"; };
		CBB40CC9D16CE7338D7B8A5A /* ShipBarRootView.swift */ = {isa = PBXFileReference; lastKnownFileType = sourcecode.swift; path = ShipBarRootView.swift; sourceTree = "<group>"; };
		CDA608B07E95690D7EEC896F /* ShipBarDashboardView.swift */ = {isa = PBXFileReference; lastKnownFileType = sourcecode.swift; path = ShipBarDashboardView.swift; sourceTree = "<group>"; };
		CFF8DC0B91FC971D3F23A42B /* IOSVoiceCaptureView.swift */ = {isa = PBXFileReference; lastKnownFileType = sourcecode.swift; path = IOSVoiceCaptureView.swift; sourceTree = "<group>"; };
		D8FF589B0587EFB4B61E6603 /* ShipBarStyle.swift */ = {isa = PBXFileReference; lastKnownFileType = sourcecode.swift; path = ShipBarStyle.swift; sourceTree = "<group>"; };
		DD744E18FF0D7401BB4DB090 /* RealtimeClient.swift */ = {isa = PBXFileReference; lastKnownFileType = sourcecode.swift; path = RealtimeClient.swift; sourceTree = "<group>"; };
		E2B78C4261E2D29467D3AF5C /* ShipBarDirectCloudSync.swift */ = {isa = PBXFileReference; lastKnownFileType = sourcecode.swift; path = ShipBarDirectCloudSync.swift; sourceTree = "<group>"; };
		E684C9610478B786AA505251 /* Clipboard.swift */ = {isa = PBXFileReference; lastKnownFileType = sourcecode.swift; path = Clipboard.swift; sourceTree = "<group>"; };
		E930BB965A8E4495334B438C /* ShipBarTests.xctest */ = {isa = PBXFileReference; explicitFileType = wrapper.cfbundle; includeInIndex = 0; path = ShipBarTests.xctest; sourceTree = BUILT_PRODUCTS_DIR; };
		EF614E780A3DCD3733DC00EB /* TaskType.swift */ = {isa = PBXFileReference; lastKnownFileType = sourcecode.swift; path = TaskType.swift; sourceTree = "<group>"; };
		F036D88F16AC5E6A149A6160 /* ShipBarNotifications.swift */ = {isa = PBXFileReference; lastKnownFileType = sourcecode.swift; path = ShipBarNotifications.swift; sourceTree = "<group>"; };
		F5D78F3612D7C6E66F6E45C0 /* PromptComposer.swift */ = {isa = PBXFileReference; lastKnownFileType = sourcecode.swift; path = PromptComposer.swift; sourceTree = "<group>"; };
		F5E7793ABEBB403258C0882D /* AgentWorkflowAction.swift */ = {isa = PBXFileReference; lastKnownFileType = sourcecode.swift; path = AgentWorkflowAction.swift; sourceTree = "<group>"; };
/* End PBXFileReference section */

/* Begin PBXGroup section */
		08A0BB1597CCBE24FC180BA9 = {
			isa = PBXGroup;
			children = (
				8E24154C05FE897380C54064 /* iOS */,
				D696C2B9CA777ABFA9A68A78 /* Mac */,
				E71ED7DE431AFF13DD352C6C /* Shared */,
				D7D0D0B2694DB25A8329EA21 /* ShareExtension */,
				81D114C1F1C58B60DB74D7BE /* ShipBarTests */,
				6679C4F676FF814AF2494C1E /* Products */,
			);
			sourceTree = "<group>";
		};
		09DD4AB8E331C0486242F21F /* Models */ = {
			isa = PBXGroup;
			children = (
				1D8120CD62FB4DD6CAE6EA47 /* Project.swift */,
				841ECFCADDDA3F6F4ACA3AF9 /* ProjectToken.swift */,
				4E0E65EDAF8B7E27CE53C8D7 /* ShipTask.swift */,
				B2DC6B6180C051D720A2B8F4 /* TaskPriority.swift */,
				819AEA7AF38D68F094B0C36F /* TaskStatus.swift */,
				EF614E780A3DCD3733DC00EB /* TaskType.swift */,
			);
			path = Models;
			sourceTree = "<group>";
		};
		6679C4F676FF814AF2494C1E /* Products */ = {
			isa = PBXGroup;
			children = (
				6CDBD2425861E52F768B7156 /* ShipBariOS.app */,
				7E818B5DBBCA8E1E8EB3EBED /* ShipBarMac.app */,
				3244CE54A5D3871ABF190831 /* ShipBarShareExtension.appex */,
				E930BB965A8E4495334B438C /* ShipBarTests.xctest */,
			);
			name = Products;
			sourceTree = "<group>";
		};
		6814741BC27589F444748875 /* Voice */ = {
			isa = PBXGroup;
			children = (
				9863B8F255FACB484A4A408E /* AudioPipeline.swift */,
				716A1445CEFFE89A1B23B16E /* KeychainStore.swift */,
				DD744E18FF0D7401BB4DB090 /* RealtimeClient.swift */,
				1ACE2DC63A854D42E6F8B903 /* VoicePanelController.swift */,
				1BDDAD74FA646A676665F040 /* VoiceSession.swift */,
				350FE2700823FECE0504CD67 /* VoiceTools.swift */,
			);
			path = Voice;
			sourceTree = "<group>";
		};
		81D114C1F1C58B60DB74D7BE /* ShipBarTests */ = {
			isa = PBXGroup;
			children = (
				830C9B53D6A1D47B092876D9 /* AudioPipelineTests.swift */,
				885CAC80CFFA20B06837871A /* CaptureParserTests.swift */,
				2E64AF8CC45C766F06EEAAC9 /* RealtimeClientTests.swift */,
				5884D17826FB68B6798556DA /* SharedCaptureStoreTests.swift */,
				5B16CE2B8E033C7E0DF73BC9 /* TaskLogicTests.swift */,
			);
			name = ShipBarTests;
			path = Tests/ShipBarTests;
			sourceTree = "<group>";
		};
		8E24154C05FE897380C54064 /* iOS */ = {
			isa = PBXGroup;
			children = (
				A71837085F0F146F5DB06613 /* IOSCard.swift */,
				5B2CB4345E5971E3CA18E2C0 /* IOSProjectsPane.swift */,
				427D88720FD08BD84ED0A193 /* IOSTaskListPane.swift */,
				645A2A0E8071F0FA3CA1B019 /* IOSTodayPane.swift */,
				CFF8DC0B91FC971D3F23A42B /* IOSVoiceCaptureView.swift */,
				45B58A6A6061BB8E73779757 /* ShipBariOSApp.swift */,
			);
			name = iOS;
			path = Sources/iOS;
			sourceTree = "<group>";
		};
		98587C085CBED978D1B81652 /* Utilities */ = {
			isa = PBXGroup;
			children = (
				E684C9610478B786AA505251 /* Clipboard.swift */,
				F036D88F16AC5E6A149A6160 /* ShipBarNotifications.swift */,
			);
			path = Utilities;
			sourceTree = "<group>";
		};
		BB6E42257D9F0CB3C3F0CB6F /* Views */ = {
			isa = PBXGroup;
			children = (
				6154B048C4DCC2ECB3905F99 /* ProjectWorkspaceView.swift */,
				647E5B9A9774B4F90746E295 /* QuickCaptureView.swift */,
				CDA608B07E95690D7EEC896F /* ShipBarDashboardView.swift */,
				CBB40CC9D16CE7338D7B8A5A /* ShipBarRootView.swift */,
				4C31CCC4741EB1255DEF4C35 /* ShipBarSection.swift */,
				0459E4D834E2A2B41B283729 /* ShipBarSectionSwitcherView.swift */,
				D8FF589B0587EFB4B61E6603 /* ShipBarStyle.swift */,
				74265161DCEBC914BA373FDE /* TaskDetailView.swift */,
				8EA390CD765D417B8B274916 /* TaskListView.swift */,
				A942D94F3E48D4F2EB64ED51 /* TaskRowView.swift */,
			);
			path = Views;
			sourceTree = "<group>";
		};
		BD5C2BF2A5C10D37D0509621 /* Tasks */ = {
			isa = PBXGroup;
			children = (
				2130C24A99779C1CBC9AA6BA /* AgentLauncher.swift */,
				F5E7793ABEBB403258C0882D /* AgentWorkflowAction.swift */,
				F5D78F3612D7C6E66F6E45C0 /* PromptComposer.swift */,
				36A5884B513388E59532E581 /* TaskFilter.swift */,
				4639B14F8C7540C8AE2BB116 /* TaskQueries.swift */,
			);
			path = Tasks;
			sourceTree = "<group>";
		};
		C480355BF4CAF5289315AD26 /* Persistence */ = {
			isa = PBXGroup;
			children = (
				E2B78C4261E2D29467D3AF5C /* ShipBarDirectCloudSync.swift */,
				1EBAA45C2219DED863CC9A6D /* ShipBarModelContainer.swift */,
			);
			path = Persistence;
			sourceTree = "<group>";
		};
		D696C2B9CA777ABFA9A68A78 /* Mac */ = {
			isa = PBXGroup;
			children = (
				95E1ED95ACC9E9DC4A7E6A4F /* GlobalHotKeyController.swift */,
				635774126D72D5E9734321A4 /* InboxCountObserver.swift */,
				779FB12B7C3D8DA64697B12F /* QuickCapturePanelController.swift */,
				702E2C9F5BCA590B1FD57082 /* ShipBarMacApp.swift */,
				7DB1C571676FF7C8276712B4 /* StatusItemBadge.swift */,
				9E3C361882B7F8152F0CE4DF /* StatusItemMenuController.swift */,
				C23D47D90EC8DF90CF0C4C52 /* WindowPresenter.swift */,
				6814741BC27589F444748875 /* Voice */,
			);
			name = Mac;
			path = Sources/Mac;
			sourceTree = "<group>";
		};
		D7D0D0B2694DB25A8329EA21 /* ShareExtension */ = {
			isa = PBXGroup;
			children = (
				4A45906A4BF8F59C103EAD9C /* ShipBarShareViewController.swift */,
			);
			name = ShareExtension;
			path = Sources/ShareExtension;
			sourceTree = "<group>";
		};
		E71ED7DE431AFF13DD352C6C /* Shared */ = {
			isa = PBXGroup;
			children = (
				F23EC72116CA6165BB44ACE2 /* Capture */,
				09DD4AB8E331C0486242F21F /* Models */,
				C480355BF4CAF5289315AD26 /* Persistence */,
				BD5C2BF2A5C10D37D0509621 /* Tasks */,
				98587C085CBED978D1B81652 /* Utilities */,
				BB6E42257D9F0CB3C3F0CB6F /* Views */,
			);
			name = Shared;
			path = Sources/Shared;
			sourceTree = "<group>";
		};
		F23EC72116CA6165BB44ACE2 /* Capture */ = {
			isa = PBXGroup;
			children = (
				3A901ECABCA63AFC25A9F819 /* CaptureBatchParser.swift */,
				657F3B9F876661EA95C9C9D8 /* CaptureParser.swift */,
				A7DD6174CBBE6888D0E641E0 /* SharedCaptureStore.swift */,
			);
			path = Capture;
			sourceTree = "<group>";
		};
/* End PBXGroup section */

/* Begin PBXNativeTarget section */
		0DF4A74596C64435C2B87429 /* ShipBarMac */ = {
			isa = PBXNativeTarget;
			buildConfigurationList = 6F22D32E567F11B39633F5BB /* Build configuration list for PBXNativeTarget "ShipBarMac" */;
			buildPhases = (
				A13C7AC8CF9E338074FE3460 /* Sources */,
			);
			buildRules = (
			);
			dependencies = (
			);
			name = ShipBarMac;
			packageProductDependencies = (
			);
			productName = ShipBarMac;
			productReference = 7E818B5DBBCA8E1E8EB3EBED /* ShipBarMac.app */;
			productType = "com.apple.product-type.application";
		};
		47097CBB8851D8B69CD5FCFD /* ShipBariOS */ = {
			isa = PBXNativeTarget;
			buildConfigurationList = 130A85C9BACF0353636DDC7A /* Build configuration list for PBXNativeTarget "ShipBariOS" */;
			buildPhases = (
				44AD2EBB637B8E1DC5BF8F46 /* Sources */,
				C2BA65C71673A62B112A3DE0 /* Embed Foundation Extensions */,
			);
			buildRules = (
			);
			dependencies = (
				DD7897F0ED0973EE62EBB185 /* PBXTargetDependency */,
			);
			name = ShipBariOS;
			packageProductDependencies = (
			);
			productName = ShipBariOS;
			productReference = 6CDBD2425861E52F768B7156 /* ShipBariOS.app */;
			productType = "com.apple.product-type.application";
		};
		A899F6BC3E2AA7AE2078E611 /* ShipBarShareExtension */ = {
			isa = PBXNativeTarget;
			buildConfigurationList = 9665799A2693DF8F20249E3E /* Build configuration list for PBXNativeTarget "ShipBarShareExtension" */;
			buildPhases = (
				83F6C2308EB6DD92C691D0A7 /* Sources */,
			);
			buildRules = (
			);
			dependencies = (
			);
			name = ShipBarShareExtension;
			packageProductDependencies = (
			);
			productName = ShipBarShareExtension;
			productReference = 3244CE54A5D3871ABF190831 /* ShipBarShareExtension.appex */;
			productType = "com.apple.product-type.app-extension";
		};
		D6108FED113FCF420EA5DA82 /* ShipBarTests */ = {
			isa = PBXNativeTarget;
			buildConfigurationList = 564E0CD1D2BB903AD17D7A17 /* Build configuration list for PBXNativeTarget "ShipBarTests" */;
			buildPhases = (
				40C47FE6CCAE21BB10AFC429 /* Sources */,
			);
			buildRules = (
			);
			dependencies = (
			);
			name = ShipBarTests;
			packageProductDependencies = (
			);
			productName = ShipBarTests;
			productReference = E930BB965A8E4495334B438C /* ShipBarTests.xctest */;
			productType = "com.apple.product-type.bundle.unit-test";
		};
/* End PBXNativeTarget section */

/* Begin PBXProject section */
		309E5BEB586C0DB1B7C6CDBF /* Project object */ = {
			isa = PBXProject;
			attributes = {
				BuildIndependentTargetsInParallel = YES;
				LastUpgradeCheck = 1430;
				TargetAttributes = {
					0DF4A74596C64435C2B87429 = {
						DevelopmentTeam = 5986DKD528;
						ProvisioningStyle = Automatic;
					};
					47097CBB8851D8B69CD5FCFD = {
						DevelopmentTeam = 5986DKD528;
						ProvisioningStyle = Automatic;
					};
					A899F6BC3E2AA7AE2078E611 = {
						DevelopmentTeam = 5986DKD528;
						ProvisioningStyle = Automatic;
					};
				};
			};
			buildConfigurationList = A58B867529560BA6FFD43BBE /* Build configuration list for PBXProject "ShipBar" */;
			developmentRegion = en;
			hasScannedForEncodings = 0;
			knownRegions = (
				Base,
				en,
			);
			mainGroup = 08A0BB1597CCBE24FC180BA9;
			minimizedProjectReferenceProxies = 1;
			preferredProjectObjectVersion = 77;
			productRefGroup = 6679C4F676FF814AF2494C1E /* Products */;
			projectDirPath = "";
			projectRoot = "";
			targets = (
				0DF4A74596C64435C2B87429 /* ShipBarMac */,
				A899F6BC3E2AA7AE2078E611 /* ShipBarShareExtension */,
				D6108FED113FCF420EA5DA82 /* ShipBarTests */,
				47097CBB8851D8B69CD5FCFD /* ShipBariOS */,
			);
		};
/* End PBXProject section */

/* Begin PBXSourcesBuildPhase section */
		40C47FE6CCAE21BB10AFC429 /* Sources */ = {
			isa = PBXSourcesBuildPhase;
			buildActionMask = 2147483647;
			files = (
				1839C6D930622D6BFB8B47B9 /* AgentLauncher.swift in Sources */,
				8AFF8BEE69F4A392DCC114E1 /* AgentWorkflowAction.swift in Sources */,
				8CE7F39BD1B972DCA6BDDDEC /* AudioPipeline.swift in Sources */,
				ADA9E96BBFF038A922FAC862 /* AudioPipelineTests.swift in Sources */,
				2886D409CDF63EFE3AC9663C /* CaptureBatchParser.swift in Sources */,
				D7888E331098A6567CEE8278 /* CaptureParser.swift in Sources */,
				8072453D4B7A72F6206F4602 /* CaptureParserTests.swift in Sources */,
				833A383E422C644FC1D04530 /* Project.swift in Sources */,
				2D82B4414E72322719F50AEA /* ProjectToken.swift in Sources */,
				33663ACF9BE2729B79A96BD0 /* PromptComposer.swift in Sources */,
				921962688E8FD95A72A9F8AB /* RealtimeClient.swift in Sources */,
				911AF3D703CD0B56019785AE /* RealtimeClientTests.swift in Sources */,
				9F3826B81215F0D2931EF714 /* SharedCaptureStore.swift in Sources */,
				3B04007A84708E705F2E2ED1 /* SharedCaptureStoreTests.swift in Sources */,
				C508011545793857666917BD /* ShipBarDirectCloudSync.swift in Sources */,
				5D05BF02F5CDE020D48482C6 /* ShipBarModelContainer.swift in Sources */,
				2BB94026290AFACC5B37A22E /* ShipTask.swift in Sources */,
				7E840AB31FBDF3EFFC6B59C2 /* TaskFilter.swift in Sources */,
				3D0C7BFCD943A84D32D850C7 /* TaskLogicTests.swift in Sources */,
				32BB802108787CD18D0E03B2 /* TaskPriority.swift in Sources */,
				71E3376E74DA94795DA432AF /* TaskQueries.swift in Sources */,
				B0F8B609D4E1B77193DC7D3C /* TaskStatus.swift in Sources */,
				3B05E4CE7EDC6C73D3F541D6 /* TaskType.swift in Sources */,
			);
			runOnlyForDeploymentPostprocessing = 0;
		};
		44AD2EBB637B8E1DC5BF8F46 /* Sources */ = {
			isa = PBXSourcesBuildPhase;
			buildActionMask = 2147483647;
			files = (
				6E4B1F8676D6027FB8E6328B /* AgentLauncher.swift in Sources */,
				5DE700D42CF44CBA6ECD42F4 /* AgentWorkflowAction.swift in Sources */,
				005391D2A06A03A4270A7539 /* AudioPipeline.swift in Sources */,
				2F8865263813861BFC198AB8 /* CaptureBatchParser.swift in Sources */,
				B03911A50E0781575C379C4D /* CaptureParser.swift in Sources */,
				7D6745B48490387E81E7967D /* Clipboard.swift in Sources */,
				81B83F8EB4C54E38F49CBC69 /* IOSCard.swift in Sources */,
				CD8397F31C8BAB50C3E13560 /* IOSProjectsPane.swift in Sources */,
				60B1C61546F659C720FC3092 /* IOSTaskListPane.swift in Sources */,
				CC1B55EFB6461FBA7F0D81CD /* IOSTodayPane.swift in Sources */,
				0CE76E24BF242D46182627AC /* IOSVoiceCaptureView.swift in Sources */,
				29389458384C20E65319B827 /* KeychainStore.swift in Sources */,
				06DC2F634F601984A0779583 /* Project.swift in Sources */,
				0CF75CD97E10DB43E89C018D /* ProjectToken.swift in Sources */,
				DAD9B5583E94FEC1FBA141BC /* ProjectWorkspaceView.swift in Sources */,
				CAFB40C98FE860778AE0AC54 /* PromptComposer.swift in Sources */,
				14F7C9303A0F32ABFF6A45D0 /* QuickCaptureView.swift in Sources */,
				1593F9177CEA54E446FAF67E /* RealtimeClient.swift in Sources */,
				FDCDBE109370A47196E4AF1A /* SharedCaptureStore.swift in Sources */,
				CDA33F98F04B6F0802BA96F7 /* ShipBarDashboardView.swift in Sources */,
				A7DDB896AB70F174618F2940 /* ShipBarDirectCloudSync.swift in Sources */,
				B649D357A6685B45A491D134 /* ShipBarModelContainer.swift in Sources */,
				105F96B00BAEB07FB3329C09 /* ShipBarNotifications.swift in Sources */,
				BA172BA0CC447520A576560B /* ShipBarRootView.swift in Sources */,
				CB7E3D1906C88199931588D0 /* ShipBarSection.swift in Sources */,
				38FF8BCFEEE8BDFF564BF650 /* ShipBarSectionSwitcherView.swift in Sources */,
				AA6FF2DF6C3A86D60D87658C /* ShipBarStyle.swift in Sources */,
				6C8B3DA7A55C5D87DFD4000C /* ShipBariOSApp.swift in Sources */,
				0E7B229751828CF08EF20E24 /* ShipTask.swift in Sources */,
				B813813D70908875BC79D0D3 /* TaskDetailView.swift in Sources */,
				29E31DE6B3392B75F3D11512 /* TaskFilter.swift in Sources */,
				469A1CC03403DB2C7F621DAC /* TaskListView.swift in Sources */,
				5B32AE1319BD3A286F80B229 /* TaskPriority.swift in Sources */,
				5A1035FE46668C8E6A297C19 /* TaskQueries.swift in Sources */,
				D0A5924B5A9F946AF317848D /* TaskRowView.swift in Sources */,
				40689CA61DFF7D9AB0E2E069 /* TaskStatus.swift in Sources */,
				4E532E2FAB1B4C3F1C29A4A3 /* TaskType.swift in Sources */,
				2619A2C5FFBCDDA9B3D72533 /* VoiceSession.swift in Sources */,
				2A9CA30E21343D41A6847747 /* VoiceTools.swift in Sources */,
			);
			runOnlyForDeploymentPostprocessing = 0;
		};
		83F6C2308EB6DD92C691D0A7 /* Sources */ = {
			isa = PBXSourcesBuildPhase;
			buildActionMask = 2147483647;
			files = (
				39712F2D2A9E8AC2B12387B1 /* CaptureBatchParser.swift in Sources */,
				97CE7944BA4D8B5128864D56 /* CaptureParser.swift in Sources */,
				F483241C77584A7AA60A8FDE /* ProjectToken.swift in Sources */,
				81C44C1FDDEED86F491A9058 /* SharedCaptureStore.swift in Sources */,
				000FB34D266E37DF0DD736EA /* ShipBarShareViewController.swift in Sources */,
				92B064309BE1C91BA5AD87F2 /* TaskPriority.swift in Sources */,
				9ECDB6015DE585CA73E5976F /* TaskStatus.swift in Sources */,
				9B602481F3F61836F59EF122 /* TaskType.swift in Sources */,
			);
			runOnlyForDeploymentPostprocessing = 0;
		};
		A13C7AC8CF9E338074FE3460 /* Sources */ = {
			isa = PBXSourcesBuildPhase;
			buildActionMask = 2147483647;
			files = (
				8C7E721C0F8A4E543F064E63 /* AgentLauncher.swift in Sources */,
				CBE6FB9C571FAD6B2ABFC2E7 /* AgentWorkflowAction.swift in Sources */,
				D0FE15A3A5714A030CAF4CEB /* AudioPipeline.swift in Sources */,
				ED7CEB09D0E33E58EFDB801F /* CaptureBatchParser.swift in Sources */,
				5878944CC4F62919F8C7751D /* CaptureParser.swift in Sources */,
				A428B754A075CCE3D60C33A6 /* Clipboard.swift in Sources */,
				3CB7373DE761BF3A146645CE /* GlobalHotKeyController.swift in Sources */,
				FB9F556BB265DD3D7B98A3E7 /* InboxCountObserver.swift in Sources */,
				2E8EEFA7777B31A47E8ED848 /* KeychainStore.swift in Sources */,
				222F5161FDAE0D4DDC25A6B9 /* Project.swift in Sources */,
				203FB003DB4B5C72CEF0B691 /* ProjectToken.swift in Sources */,
				CDE12A70F8F24D65A94B086D /* ProjectWorkspaceView.swift in Sources */,
				49323CD4D03DFB566F04830F /* PromptComposer.swift in Sources */,
				BAC33EDFD612FE7F0DF6BE38 /* QuickCapturePanelController.swift in Sources */,
				D82EB8034688EA8D3D63D0AA /* QuickCaptureView.swift in Sources */,
				B4AFE61132CFA1F4481DBC92 /* RealtimeClient.swift in Sources */,
				65CE2FC2619C0B7B3931F4F1 /* SharedCaptureStore.swift in Sources */,
				CF9375C42A780631D52D8FA5 /* ShipBarDashboardView.swift in Sources */,
				3696FF93C44A546512D058E8 /* ShipBarDirectCloudSync.swift in Sources */,
				AB5FE716861B6068D19B2074 /* ShipBarMacApp.swift in Sources */,
				19A2B7FCCFB87C1665D41059 /* ShipBarModelContainer.swift in Sources */,
				E62DD6F24E12C507B3FF494C /* ShipBarNotifications.swift in Sources */,
				3572EFA214FC0CA20FC6C0BF /* ShipBarRootView.swift in Sources */,
				6A236961C797BBB0E41FE64B /* ShipBarSection.swift in Sources */,
				3D56594F1D0F12D15A5CA32A /* ShipBarSectionSwitcherView.swift in Sources */,
				67592199E50F29D799551509 /* ShipBarStyle.swift in Sources */,
				07696AB500CF1B1AD0923EBB /* ShipTask.swift in Sources */,
				4E46171F9EAFB60EAF652614 /* StatusItemBadge.swift in Sources */,
				4113D55EC955F2C8052C2D6C /* StatusItemMenuController.swift in Sources */,
				664015972EB263DD25E87141 /* TaskDetailView.swift in Sources */,
				FDE76B25E06655D707BE88C8 /* TaskFilter.swift in Sources */,
				110F46EB9B056A94E2A1A113 /* TaskListView.swift in Sources */,
				93AE3E64839117E5505FA315 /* TaskPriority.swift in Sources */,
				C4C8B396833111FCB4B48FA8 /* TaskQueries.swift in Sources */,
				17C6D5C7AFB3A88F5A69C6B3 /* TaskRowView.swift in Sources */,
				44C97AC52307E9B36F7C003E /* TaskStatus.swift in Sources */,
				68AB1855727B06A614B0C8B7 /* TaskType.swift in Sources */,
				F164BCEA697958CB7ACAC344 /* VoicePanelController.swift in Sources */,
				716BDB944F1361D2EC91D4BE /* VoiceSession.swift in Sources */,
				7335471FE6635324C8630D8A /* VoiceTools.swift in Sources */,
				303B997E3F529148ADE56B79 /* WindowPresenter.swift in Sources */,
			);
			runOnlyForDeploymentPostprocessing = 0;
		};
/* End PBXSourcesBuildPhase section */

/* Begin PBXTargetDependency section */
		DD7897F0ED0973EE62EBB185 /* PBXTargetDependency */ = {
			isa = PBXTargetDependency;
			target = A899F6BC3E2AA7AE2078E611 /* ShipBarShareExtension */;
			targetProxy = 47A5A7B6594B582573BA9D56 /* PBXContainerItemProxy */;
		};
/* End PBXTargetDependency section */

/* Begin XCBuildConfiguration section */
		071C420543F447C5814CE41C /* Release */ = {
			isa = XCBuildConfiguration;
			buildSettings = {
				ASSETCATALOG_COMPILER_APPICON_NAME = AppIcon;
				CODE_SIGN_ENTITLEMENTS = Config/Mac/ShipBarMac.entitlements;
				CODE_SIGN_STYLE = Automatic;
				COMBINE_HIDPI_IMAGES = YES;
				DEVELOPMENT_TEAM = 5986DKD528;
				INFOPLIST_FILE = Config/Mac/Info.plist;
				LD_RUNPATH_SEARCH_PATHS = (
					"$(inherited)",
					"@executable_path/../Frameworks",
				);
				PRODUCT_BUNDLE_IDENTIFIER = com.tadies.ShipBar.mac;
				SDKROOT = macosx;
			};
			name = Release;
		};
		2D23E131C8A4E9D48D2C5EFD /* Release */ = {
			isa = XCBuildConfiguration;
			buildSettings = {
				BUNDLE_LOADER = "$(TEST_HOST)";
				COMBINE_HIDPI_IMAGES = YES;
				GENERATE_INFOPLIST_FILE = YES;
				LD_RUNPATH_SEARCH_PATHS = (
					"$(inherited)",
					"@executable_path/../Frameworks",
					"@loader_path/../Frameworks",
				);
				PRODUCT_BUNDLE_IDENTIFIER = com.tadies.ShipBarTests;
				SDKROOT = macosx;
			};
			name = Release;
		};
		325853929544907B6DA30021 /* Debug */ = {
			isa = XCBuildConfiguration;
			buildSettings = {
				BUNDLE_LOADER = "$(TEST_HOST)";
				COMBINE_HIDPI_IMAGES = YES;
				GENERATE_INFOPLIST_FILE = YES;
				LD_RUNPATH_SEARCH_PATHS = (
					"$(inherited)",
					"@executable_path/../Frameworks",
					"@loader_path/../Frameworks",
				);
				PRODUCT_BUNDLE_IDENTIFIER = com.tadies.ShipBarTests;
				SDKROOT = macosx;
			};
			name = Debug;
		};
		3E00F125533143E8C715CD39 /* Release */ = {
			isa = XCBuildConfiguration;
			buildSettings = {
				APPLICATION_EXTENSION_API_ONLY = YES;
				CODE_SIGN_ENTITLEMENTS = Config/ShareExtension/ShipBarShareExtension.entitlements;
				CODE_SIGN_STYLE = Automatic;
				DEVELOPMENT_TEAM = 5986DKD528;
				INFOPLIST_FILE = Config/ShareExtension/Info.plist;
				LD_RUNPATH_SEARCH_PATHS = (
					"$(inherited)",
					"@executable_path/Frameworks",
					"@executable_path/../../Frameworks",
				);
				PRODUCT_BUNDLE_IDENTIFIER = com.tadies.ShipBar.ShareExtension;
				SDKROOT = iphoneos;
				TARGETED_DEVICE_FAMILY = "1,2";
			};
			name = Release;
		};
		427E487796837636921B664D /* Debug */ = {
			isa = XCBuildConfiguration;
			buildSettings = {
				ASSETCATALOG_COMPILER_APPICON_NAME = AppIcon;
				CODE_SIGN_ENTITLEMENTS = Config/Mac/ShipBarMac.entitlements;
				CODE_SIGN_STYLE = Automatic;
				COMBINE_HIDPI_IMAGES = YES;
				DEVELOPMENT_TEAM = 5986DKD528;
				INFOPLIST_FILE = Config/Mac/Info.plist;
				LD_RUNPATH_SEARCH_PATHS = (
					"$(inherited)",
					"@executable_path/../Frameworks",
				);
				PRODUCT_BUNDLE_IDENTIFIER = com.tadies.ShipBar.mac;
				SDKROOT = macosx;
			};
			name = Debug;
		};
		512F9272D1A6B4D4784E635B /* Debug */ = {
			isa = XCBuildConfiguration;
			buildSettings = {
				APPLICATION_EXTENSION_API_ONLY = YES;
				CODE_SIGN_ENTITLEMENTS = Config/ShareExtension/ShipBarShareExtension.entitlements;
				CODE_SIGN_STYLE = Automatic;
				DEVELOPMENT_TEAM = 5986DKD528;
				INFOPLIST_FILE = Config/ShareExtension/Info.plist;
				LD_RUNPATH_SEARCH_PATHS = (
					"$(inherited)",
					"@executable_path/Frameworks",
					"@executable_path/../../Frameworks",
				);
				PRODUCT_BUNDLE_IDENTIFIER = com.tadies.ShipBar.ShareExtension;
				SDKROOT = iphoneos;
				TARGETED_DEVICE_FAMILY = "1,2";
			};
			name = Debug;
		};
		5BAD0CA5A81E4EA2E330D7AC /* Debug */ = {
			isa = XCBuildConfiguration;
			buildSettings = {
				ASSETCATALOG_COMPILER_APPICON_NAME = AppIcon;
				CODE_SIGN_ENTITLEMENTS = Config/iOS/ShipBariOS.entitlements;
				CODE_SIGN_IDENTITY = "iPhone Developer";
				CODE_SIGN_STYLE = Automatic;
				DEVELOPMENT_TEAM = 5986DKD528;
				INFOPLIST_FILE = Config/iOS/Info.plist;
				LD_RUNPATH_SEARCH_PATHS = (
					"$(inherited)",
					"@executable_path/Frameworks",
				);
				PRODUCT_BUNDLE_IDENTIFIER = com.tadies.ShipBar;
				SDKROOT = iphoneos;
				TARGETED_DEVICE_FAMILY = "1,2";
			};
			name = Debug;
		};
		61B9083A5906F675EAC970E5 /* Release */ = {
			isa = XCBuildConfiguration;
			buildSettings = {
				ALWAYS_SEARCH_USER_PATHS = NO;
				CLANG_ANALYZER_NONNULL = YES;
				CLANG_ANALYZER_NUMBER_OBJECT_CONVERSION = YES_AGGRESSIVE;
				CLANG_CXX_LANGUAGE_STANDARD = "gnu++14";
				CLANG_CXX_LIBRARY = "libc++";
				CLANG_ENABLE_MODULES = YES;
				CLANG_ENABLE_OBJC_ARC = YES;
				CLANG_ENABLE_OBJC_WEAK = YES;
				CLANG_WARN_BLOCK_CAPTURE_AUTORELEASING = YES;
				CLANG_WARN_BOOL_CONVERSION = YES;
				CLANG_WARN_COMMA = YES;
				CLANG_WARN_CONSTANT_CONVERSION = YES;
				CLANG_WARN_DEPRECATED_OBJC_IMPLEMENTATIONS = YES;
				CLANG_WARN_DIRECT_OBJC_ISA_USAGE = YES_ERROR;
				CLANG_WARN_DOCUMENTATION_COMMENTS = YES;
				CLANG_WARN_EMPTY_BODY = YES;
				CLANG_WARN_ENUM_CONVERSION = YES;
				CLANG_WARN_INFINITE_RECURSION = YES;
				CLANG_WARN_INT_CONVERSION = YES;
				CLANG_WARN_NON_LITERAL_NULL_CONVERSION = YES;
				CLANG_WARN_OBJC_IMPLICIT_RETAIN_SELF = YES;
				CLANG_WARN_OBJC_LITERAL_CONVERSION = YES;
				CLANG_WARN_OBJC_ROOT_CLASS = YES_ERROR;
				CLANG_WARN_QUOTED_INCLUDE_IN_FRAMEWORK_HEADER = YES;
				CLANG_WARN_RANGE_LOOP_ANALYSIS = YES;
				CLANG_WARN_STRICT_PROTOTYPES = YES;
				CLANG_WARN_SUSPICIOUS_MOVE = YES;
				CLANG_WARN_UNGUARDED_AVAILABILITY = YES_AGGRESSIVE;
				CLANG_WARN_UNREACHABLE_CODE = YES;
				CLANG_WARN__DUPLICATE_METHOD_MATCH = YES;
				COPY_PHASE_STRIP = NO;
				CURRENT_PROJECT_VERSION = 1;
				DEBUG_INFORMATION_FORMAT = "dwarf-with-dsym";
				ENABLE_NS_ASSERTIONS = NO;
				ENABLE_STRICT_OBJC_MSGSEND = YES;
				ENABLE_USER_SCRIPT_SANDBOXING = NO;
				GCC_C_LANGUAGE_STANDARD = gnu11;
				GCC_NO_COMMON_BLOCKS = YES;
				GCC_WARN_64_TO_32_BIT_CONVERSION = YES;
				GCC_WARN_ABOUT_RETURN_TYPE = YES_ERROR;
				GCC_WARN_UNDECLARED_SELECTOR = YES;
				GCC_WARN_UNINITIALIZED_AUTOS = YES_AGGRESSIVE;
				GCC_WARN_UNUSED_FUNCTION = YES;
				GCC_WARN_UNUSED_VARIABLE = YES;
				IPHONEOS_DEPLOYMENT_TARGET = 17.0;
				MACOSX_DEPLOYMENT_TARGET = 14.0;
				MARKETING_VERSION = 0.1.0;
				MTL_ENABLE_DEBUG_INFO = NO;
				MTL_FAST_MATH = YES;
				PRODUCT_NAME = "$(TARGET_NAME)";
				SWIFT_COMPILATION_MODE = wholemodule;
				SWIFT_OPTIMIZATION_LEVEL = "-O";
				SWIFT_VERSION = 6.0;
			};
			name = Release;
		};
		6ADF1E48EB1E8FE1FCAEAADC /* Debug */ = {
			isa = XCBuildConfiguration;
			buildSettings = {
				ALWAYS_SEARCH_USER_PATHS = NO;
				CLANG_ANALYZER_NONNULL = YES;
				CLANG_ANALYZER_NUMBER_OBJECT_CONVERSION = YES_AGGRESSIVE;
				CLANG_CXX_LANGUAGE_STANDARD = "gnu++14";
				CLANG_CXX_LIBRARY = "libc++";
				CLANG_ENABLE_MODULES = YES;
				CLANG_ENABLE_OBJC_ARC = YES;
				CLANG_ENABLE_OBJC_WEAK = YES;
				CLANG_WARN_BLOCK_CAPTURE_AUTORELEASING = YES;
				CLANG_WARN_BOOL_CONVERSION = YES;
				CLANG_WARN_COMMA = YES;
				CLANG_WARN_CONSTANT_CONVERSION = YES;
				CLANG_WARN_DEPRECATED_OBJC_IMPLEMENTATIONS = YES;
				CLANG_WARN_DIRECT_OBJC_ISA_USAGE = YES_ERROR;
				CLANG_WARN_DOCUMENTATION_COMMENTS = YES;
				CLANG_WARN_EMPTY_BODY = YES;
				CLANG_WARN_ENUM_CONVERSION = YES;
				CLANG_WARN_INFINITE_RECURSION = YES;
				CLANG_WARN_INT_CONVERSION = YES;
				CLANG_WARN_NON_LITERAL_NULL_CONVERSION = YES;
				CLANG_WARN_OBJC_IMPLICIT_RETAIN_SELF = YES;
				CLANG_WARN_OBJC_LITERAL_CONVERSION = YES;
				CLANG_WARN_OBJC_ROOT_CLASS = YES_ERROR;
				CLANG_WARN_QUOTED_INCLUDE_IN_FRAMEWORK_HEADER = YES;
				CLANG_WARN_RANGE_LOOP_ANALYSIS = YES;
				CLANG_WARN_STRICT_PROTOTYPES = YES;
				CLANG_WARN_SUSPICIOUS_MOVE = YES;
				CLANG_WARN_UNGUARDED_AVAILABILITY = YES_AGGRESSIVE;
				CLANG_WARN_UNREACHABLE_CODE = YES;
				CLANG_WARN__DUPLICATE_METHOD_MATCH = YES;
				COPY_PHASE_STRIP = NO;
				CURRENT_PROJECT_VERSION = 1;
				DEBUG_INFORMATION_FORMAT = dwarf;
				ENABLE_STRICT_OBJC_MSGSEND = YES;
				ENABLE_TESTABILITY = YES;
				ENABLE_USER_SCRIPT_SANDBOXING = NO;
				GCC_C_LANGUAGE_STANDARD = gnu11;
				GCC_DYNAMIC_NO_PIC = NO;
				GCC_NO_COMMON_BLOCKS = YES;
				GCC_OPTIMIZATION_LEVEL = 0;
				GCC_PREPROCESSOR_DEFINITIONS = (
					"$(inherited)",
					"DEBUG=1",
				);
				GCC_WARN_64_TO_32_BIT_CONVERSION = YES;
				GCC_WARN_ABOUT_RETURN_TYPE = YES_ERROR;
				GCC_WARN_UNDECLARED_SELECTOR = YES;
				GCC_WARN_UNINITIALIZED_AUTOS = YES_AGGRESSIVE;
				GCC_WARN_UNUSED_FUNCTION = YES;
				GCC_WARN_UNUSED_VARIABLE = YES;
				IPHONEOS_DEPLOYMENT_TARGET = 17.0;
				MACOSX_DEPLOYMENT_TARGET = 14.0;
				MARKETING_VERSION = 0.1.0;
				MTL_ENABLE_DEBUG_INFO = INCLUDE_SOURCE;
				MTL_FAST_MATH = YES;
				ONLY_ACTIVE_ARCH = YES;
				PRODUCT_NAME = "$(TARGET_NAME)";
				SWIFT_ACTIVE_COMPILATION_CONDITIONS = DEBUG;
				SWIFT_OPTIMIZATION_LEVEL = "-Onone";
				SWIFT_VERSION = 6.0;
			};
			name = Debug;
		};
		9C01463008C1E7FE67A1BE47 /* Release */ = {
			isa = XCBuildConfiguration;
			buildSettings = {
				ASSETCATALOG_COMPILER_APPICON_NAME = AppIcon;
				CODE_SIGN_ENTITLEMENTS = Config/iOS/ShipBariOS.entitlements;
				CODE_SIGN_IDENTITY = "iPhone Developer";
				CODE_SIGN_STYLE = Automatic;
				DEVELOPMENT_TEAM = 5986DKD528;
				INFOPLIST_FILE = Config/iOS/Info.plist;
				LD_RUNPATH_SEARCH_PATHS = (
					"$(inherited)",
					"@executable_path/Frameworks",
				);
				PRODUCT_BUNDLE_IDENTIFIER = com.tadies.ShipBar;
				SDKROOT = iphoneos;
				TARGETED_DEVICE_FAMILY = "1,2";
			};
			name = Release;
		};
/* End XCBuildConfiguration section */

/* Begin XCConfigurationList section */
		130A85C9BACF0353636DDC7A /* Build configuration list for PBXNativeTarget "ShipBariOS" */ = {
			isa = XCConfigurationList;
			buildConfigurations = (
				5BAD0CA5A81E4EA2E330D7AC /* Debug */,
				9C01463008C1E7FE67A1BE47 /* Release */,
			);
			defaultConfigurationIsVisible = 0;
			defaultConfigurationName = Debug;
		};
		564E0CD1D2BB903AD17D7A17 /* Build configuration list for PBXNativeTarget "ShipBarTests" */ = {
			isa = XCConfigurationList;
			buildConfigurations = (
				325853929544907B6DA30021 /* Debug */,
				2D23E131C8A4E9D48D2C5EFD /* Release */,
			);
			defaultConfigurationIsVisible = 0;
			defaultConfigurationName = Debug;
		};
		6F22D32E567F11B39633F5BB /* Build configuration list for PBXNativeTarget "ShipBarMac" */ = {
			isa = XCConfigurationList;
			buildConfigurations = (
				427E487796837636921B664D /* Debug */,
				071C420543F447C5814CE41C /* Release */,
			);
			defaultConfigurationIsVisible = 0;
			defaultConfigurationName = Debug;
		};
		9665799A2693DF8F20249E3E /* Build configuration list for PBXNativeTarget "ShipBarShareExtension" */ = {
			isa = XCConfigurationList;
			buildConfigurations = (
				512F9272D1A6B4D4784E635B /* Debug */,
				3E00F125533143E8C715CD39 /* Release */,
			);
			defaultConfigurationIsVisible = 0;
			defaultConfigurationName = Debug;
		};
		A58B867529560BA6FFD43BBE /* Build configuration list for PBXProject "ShipBar" */ = {
			isa = XCConfigurationList;
			buildConfigurations = (
				6ADF1E48EB1E8FE1FCAEAADC /* Debug */,
				61B9083A5906F675EAC970E5 /* Release */,
			);
			defaultConfigurationIsVisible = 0;
			defaultConfigurationName = Debug;
		};
/* End XCConfigurationList section */
	};
	rootObject = 309E5BEB586C0DB1B7C6CDBF /* Project object */;
}
